
Microsoft Visual Studio Solution File, Format Version 12.00
Project("{FAE04EC0-301F-11D3-BF4B-00C04F79EFBC}") = "ExcelMinder", "ExcelMinder\ExcelMinder.csproj", "{6676DB0B-C907-418B-B982-78EE040F3BE6}"
EndProject
Global
	GlobalSection(SolutionConfigurationPlatforms) = preSolution
		Debug|Any CPU = Debug|Any CPU
		Release|Any CPU = Release|Any CPU
	EndGlobalSection
	GlobalSection(ProjectConfigurationPlatforms) = postSolution
		{6676DB0B-C907-418B-B982-78EE040F3BE6}.Debug|Any CPU.ActiveCfg = Debug|Any CPU
		{6676DB0B-C907-418B-B982-78EE040F3BE6}.Debug|Any CPU.Build.0 = Debug|Any CPU
		{6676DB0B-C907-418B-B982-78EE040F3BE6}.Release|Any CPU.ActiveCfg = Release|Any CPU
		{6676DB0B-C907-418B-B982-78EE040F3BE6}.Release|Any CPU.Build.0 = Release|Any CPU
	EndGlobalSection
EndGlobal
